
Microsoft Visual Studio Solution File, Format Version 12.00
# Visual Studio Version 17
VisualStudioVersion = 17.3.32922.545
MinimumVisualStudioVersion = 10.0.40219.1
Project("{8BC9CEB8-8B4A-11D0-8D11-00A0C91BC942}") = "Buffer", "NetworkProgrammingProject1\NetworkProgrammingProject1.vcxproj", "{5C9805BD-3917-472F-AF69-3EB3ECB373C0}"
EndProject
Project("{8BC9CEB8-8B4A-11D0-8D11-00A0C91BC942}") = "SelectServer", "SelectServer\SelectServer.vcxproj", "{3668F16D-F594-4BDA-B629-C4CBEC23D543}"
EndProject
Project("{8BC9CEB8-8B4A-11D0-8D11-00A0C91BC942}") = "Client", "Client\Client.vcxproj", "{10E2CBFF-454C-4155-B7F6-6743A9FC0B6A}"
EndProject
Global
	GlobalSection(SolutionConfigurationPlatforms) = preSolution
		Debug|x64 = Debug|x64
		Debug|x86 = Debug|x86
		Release|x64 = Release|x64
		Release|x86 = Release|x86
	EndGlobalSection
	GlobalSection(ProjectConfigurationPlatforms) = postSolution
		{5C9805BD-3917-472F-AF69-3EB3ECB373C0}.Debug|x64.ActiveCfg = Debug|x64
		{5C9805BD-3917-472F-AF69-3EB3ECB373C0}.Debug|x64.Build.0 = Debug|x64
		{5C9805BD-3917-472F-AF69-3EB3ECB373C0}.Debug|x86.ActiveCfg = Debug|Win32
		{5C9805BD-3917-472F-AF69-3EB3ECB373C0}.Debug|x86.Build.0 = Debug|Win32
		{5C9805BD-3917-472F-AF69-3EB3ECB373C0}.Release|x64.ActiveCfg = Release|x64
		{5C9805BD-3917-472F-AF69-3EB3ECB373C0}.Release|x64.Build.0 = Release|x64
		{5C9805BD-3917-472F-AF69-3EB3ECB373C0}.Release|x86.ActiveCfg = Release|Win32
		{5C9805BD-3917-472F-AF69-3EB3ECB373C0}.Release|x86.Build.0 = Release|Win32
		{3668F16D-F594-4BDA-B629-C4CBEC23D543}.Debug|x64.ActiveCfg = Debug|x64
		{3668F16D-F594-4BDA-B629-C4CBEC23D543}.Debug|x64.Build.0 = Debug|x64
		{3668F16D-F594-4BDA-B629-C4CBEC23D543}.Debug|x86.ActiveCfg = Debug|Win32
		{3668F16D-F594-4BDA-B629-C4CBEC23D543}.Debug|x86.Build.0 = Debug|Win32
		{3668F16D-F594-4BDA-B629-C4CBEC23D543}.Release|x64.ActiveCfg = Release|x64
		{3668F16D-F594-4BDA-B629-C4CBEC23D543}.Release|x64.Build.0 = Release|x64
		{3668F16D-F594-4BDA-B629-C4CBEC23D543}.Release|x86.ActiveCfg = Release|Win32
		{3668F16D-F594-4BDA-B629-C4CBEC23D543}.Release|x86.Build.0 = Release|Win32
		{10E2CBFF-454C-4155-B7F6-6743A9FC0B6A}.Debug|x64.ActiveCfg = Debug|x64
		{10E2CBFF-454C-4155-B7F6-6743A9FC0B6A}.Debug|x64.Build.0 = Debug|x64
		{10E2CBFF-454C-4155-B7F6-6743A9FC0B6A}.Debug|x86.ActiveCfg = Debug|Win32
		{10E2CBFF-454C-4155-B7F6-6743A9FC0B6A}.Debug|x86.Build.0 = Debug|Win32
		{10E2CBFF-454C-4155-B7F6-6743A9FC0B6A}.Release|x64.ActiveCfg = Release|x64
		{10E2CBFF-454C-4155-B7F6-6743A9FC0B6A}.Release|x64.Build.0 = Release|x64
		{10E2CBFF-454C-4155-B7F6-6743A9FC0B6A}.Release|x86.ActiveCfg = Release|Win32
		{10E2CBFF-454C-4155-B7F6-6743A9FC0B6A}.Release|x86.Build.0 = Release|Win32
	EndGlobalSection
	GlobalSection(SolutionProperties) = preSolution
		HideSolutionNode = FALSE
	EndGlobalSection
	GlobalSection(ExtensibilityGlobals) = postSolution
		SolutionGuid = {2003D732-0989-402C-A9F9-C2A800938532}
	EndGlobalSection
EndGlobal
